
Microsoft Visual Studio Solution File, Format Version 12.00
# Visual Studio Version 16
VisualStudioVersion = 16.0.31624.102
MinimumVisualStudioVersion = 10.0.40219.1
Project("{2150E333-8FDC-42A3-9474-1A3956D46DE8}") = "01.Web", "01.Web", "{ED0882C6-C8AF-488F-891B-456646A3DBDE}"
EndProject
Project("{2150E333-8FDC-42A3-9474-1A3956D46DE8}") = "02.WebApi", "02.WebApi", "{729C3D6A-D8D8-4B16-AAB0-76BE176CBAD2}"
EndProject
Project("{2150E333-8FDC-42A3-9474-1A3956D46DE8}") = "03.Services", "03.Services", "{409C6CC9-2C9C-4EA5-9232-AC7068ADB392}"
EndProject
Project("{2150E333-8FDC-42A3-9474-1A3956D46DE8}") = "04.Model", "04.Model", "{58F82FC9-4B48-4B02-9FD9-A2A7BD883E49}"
EndProject
Project("{2150E333-8FDC-42A3-9474-1A3956D46DE8}") = "05.Dto", "05.Dto", "{517993D6-EDF1-467F-86D2-AE7E7C8B2103}"
EndProject
Project("{2150E333-8FDC-42A3-9474-1A3956D46DE8}") = "06.Common", "06.Common", "{D320360F-2013-4D08-90BB-0540327796DB}"
EndProject
Project("{2150E333-8FDC-42A3-9474-1A3956D46DE8}") = "07.Persistence", "07.Persistence", "{62144C97-72E8-428E-9E47-9501BCBAA8AB}"
EndProject
Project("{9A19103F-16F7-4668-BE54-9A1E7A4F7556}") = "WebApi", "WebApi\WebApi.csproj", "{366E114D-8280-424F-9E51-C054F2C3D4DD}"
EndProject
Project("{9A19103F-16F7-4668-BE54-9A1E7A4F7556}") = "AdminDbContext", "AdminDbContext\AdminDbContext.csproj", "{BC296E26-030C-4206-9151-170A54B1349C}"
EndProject
Project("{9A19103F-16F7-4668-BE54-9A1E7A4F7556}") = "Model", "ModelAdmin\Model.csproj", "{3B646B13-DD0A-4C2F-8C24-C4E30E9F2AE3}"
EndProject
Project("{9A19103F-16F7-4668-BE54-9A1E7A4F7556}") = "Service", "Service\Service.csproj", "{A095F836-D2CB-4B53-BDAD-06A2485A0CC8}"
EndProject
Project("{9A19103F-16F7-4668-BE54-9A1E7A4F7556}") = "IService", "IService\IService.csproj", "{A2A621E3-470E-47C4-808B-3961A976FD9E}"
EndProject
Project("{9A19103F-16F7-4668-BE54-9A1E7A4F7556}") = "Common", "Common\Common.csproj", "{FAFBB064-872A-4331-8605-7A43EC9ADAE0}"
EndProject
Project("{9A19103F-16F7-4668-BE54-9A1E7A4F7556}") = "Dto", "Dto\Dto.csproj", "{D7DE9705-AE45-424D-8740-E97803ADF6EA}"
EndProject
Global
	GlobalSection(SolutionConfigurationPlatforms) = preSolution
		Debug|Any CPU = Debug|Any CPU
		Release|Any CPU = Release|Any CPU
	EndGlobalSection
	GlobalSection(ProjectConfigurationPlatforms) = postSolution
		{366E114D-8280-424F-9E51-C054F2C3D4DD}.Debug|Any CPU.ActiveCfg = Debug|Any CPU
		{366E114D-8280-424F-9E51-C054F2C3D4DD}.Debug|Any CPU.Build.0 = Debug|Any CPU
		{366E114D-8280-424F-9E51-C054F2C3D4DD}.Release|Any CPU.ActiveCfg = Release|Any CPU
		{366E114D-8280-424F-9E51-C054F2C3D4DD}.Release|Any CPU.Build.0 = Release|Any CPU
		{BC296E26-030C-4206-9151-170A54B1349C}.Debug|Any CPU.ActiveCfg = Debug|Any CPU
		{BC296E26-030C-4206-9151-170A54B1349C}.Debug|Any CPU.Build.0 = Debug|Any CPU
		{BC296E26-030C-4206-9151-170A54B1349C}.Release|Any CPU.ActiveCfg = Release|Any CPU
		{BC296E26-030C-4206-9151-170A54B1349C}.Release|Any CPU.Build.0 = Release|Any CPU
		{3B646B13-DD0A-4C2F-8C24-C4E30E9F2AE3}.Debug|Any CPU.ActiveCfg = Debug|Any CPU
		{3B646B13-DD0A-4C2F-8C24-C4E30E9F2AE3}.Debug|Any CPU.Build.0 = Debug|Any CPU
		{3B646B13-DD0A-4C2F-8C24-C4E30E9F2AE3}.Release|Any CPU.ActiveCfg = Release|Any CPU
		{3B646B13-DD0A-4C2F-8C24-C4E30E9F2AE3}.Release|Any CPU.Build.0 = Release|Any CPU
		{A095F836-D2CB-4B53-BDAD-06A2485A0CC8}.Debug|Any CPU.ActiveCfg = Debug|Any CPU
		{A095F836-D2CB-4B53-BDAD-06A2485A0CC8}.Debug|Any CPU.Build.0 = Debug|Any CPU
		{A095F836-D2CB-4B53-BDAD-06A2485A0CC8}.Release|Any CPU.ActiveCfg = Release|Any CPU
		{A095F836-D2CB-4B53-BDAD-06A2485A0CC8}.Release|Any CPU.Build.0 = Release|Any CPU
		{A2A621E3-470E-47C4-808B-3961A976FD9E}.Debug|Any CPU.ActiveCfg = Debug|Any CPU
		{A2A621E3-470E-47C4-808B-3961A976FD9E}.Debug|Any CPU.Build.0 = Debug|Any CPU
		{A2A621E3-470E-47C4-808B-3961A976FD9E}.Release|Any CPU.ActiveCfg = Release|Any CPU
		{A2A621E3-470E-47C4-808B-3961A976FD9E}.Release|Any CPU.Build.0 = Release|Any CPU
		{FAFBB064-872A-4331-8605-7A43EC9ADAE0}.Debug|Any CPU.ActiveCfg = Debug|Any CPU
		{FAFBB064-872A-4331-8605-7A43EC9ADAE0}.Debug|Any CPU.Build.0 = Debug|Any CPU
		{FAFBB064-872A-4331-8605-7A43EC9ADAE0}.Release|Any CPU.ActiveCfg = Release|Any CPU
		{FAFBB064-872A-4331-8605-7A43EC9ADAE0}.Release|Any CPU.Build.0 = Release|Any CPU
		{D7DE9705-AE45-424D-8740-E97803ADF6EA}.Debug|Any CPU.ActiveCfg = Debug|Any CPU
		{D7DE9705-AE45-424D-8740-E97803ADF6EA}.Debug|Any CPU.Build.0 = Debug|Any CPU
		{D7DE9705-AE45-424D-8740-E97803ADF6EA}.Release|Any CPU.ActiveCfg = Release|Any CPU
		{D7DE9705-AE45-424D-8740-E97803ADF6EA}.Release|Any CPU.Build.0 = Release|Any CPU
	EndGlobalSection
	GlobalSection(SolutionProperties) = preSolution
		HideSolutionNode = FALSE
	EndGlobalSection
	GlobalSection(NestedProjects) = preSolution
		{366E114D-8280-424F-9E51-C054F2C3D4DD} = {729C3D6A-D8D8-4B16-AAB0-76BE176CBAD2}
		{BC296E26-030C-4206-9151-170A54B1349C} = {62144C97-72E8-428E-9E47-9501BCBAA8AB}
		{3B646B13-DD0A-4C2F-8C24-C4E30E9F2AE3} = {58F82FC9-4B48-4B02-9FD9-A2A7BD883E49}
		{A095F836-D2CB-4B53-BDAD-06A2485A0CC8} = {409C6CC9-2C9C-4EA5-9232-AC7068ADB392}
		{A2A621E3-470E-47C4-808B-3961A976FD9E} = {409C6CC9-2C9C-4EA5-9232-AC7068ADB392}
		{FAFBB064-872A-4331-8605-7A43EC9ADAE0} = {D320360F-2013-4D08-90BB-0540327796DB}
		{D7DE9705-AE45-424D-8740-E97803ADF6EA} = {517993D6-EDF1-467F-86D2-AE7E7C8B2103}
	EndGlobalSection
	GlobalSection(ExtensibilityGlobals) = postSolution
		SolutionGuid = {33156537-34D1-49E8-8BAC-9475C4894A69}
	EndGlobalSection
EndGlobal
